
Microsoft Visual Studio Solution File, Format Version 12.00
# Visual Studio 15
VisualStudioVersion = 15.0.26730.12
MinimumVisualStudioVersion = 10.0.40219.1
Project("{FAE04EC0-301F-11D3-BF4B-00C04F79EFBC}") = "App1_ConsultarCEP.Android", "App1_ConsultarCEP\App1_ConsultarCEP.Android\App1_ConsultarCEP.Android.csproj", "{28A312C2-E429-43D7-8D27-95482994AFF7}"
EndProject
Project("{FAE04EC0-301F-11D3-BF4B-00C04F79EFBC}") = "App1_ConsultarCEP", "App1_ConsultarCEP\App1_ConsultarCEP\App1_ConsultarCEP.csproj", "{131E1074-D122-4A98-94A8-768789F1F27F}"
EndProject
Project("{FAE04EC0-301F-11D3-BF4B-00C04F79EFBC}") = "App1_ConsultarCEP.UWP", "App1_ConsultarCEP\App1_ConsultarCEP.UWP\App1_ConsultarCEP.UWP.csproj", "{6709FEBE-B161-4038-AE5F-BE0EB0DE728A}"
EndProject
Project("{FAE04EC0-301F-11D3-BF4B-00C04F79EFBC}") = "App1_ConsultarCEP.iOS", "App1_ConsultarCEP\App1_ConsultarCEP.iOS\App1_ConsultarCEP.iOS.csproj", "{C134A2FA-7681-4FB6-A086-C3F263472D69}"
EndProject
Global
	GlobalSection(SolutionConfigurationPlatforms) = preSolution
		Ad-Hoc|Any CPU = Ad-Hoc|Any CPU
		Ad-Hoc|ARM = Ad-Hoc|ARM
		Ad-Hoc|iPhone = Ad-Hoc|iPhone
		Ad-Hoc|iPhoneSimulator = Ad-Hoc|iPhoneSimulator
		Ad-Hoc|x64 = Ad-Hoc|x64
		Ad-Hoc|x86 = Ad-Hoc|x86
		AppStore|Any CPU = AppStore|Any CPU
		AppStore|ARM = AppStore|ARM
		AppStore|iPhone = AppStore|iPhone
		AppStore|iPhoneSimulator = AppStore|iPhoneSimulator
		AppStore|x64 = AppStore|x64
		AppStore|x86 = AppStore|x86
		Debug|Any CPU = Debug|Any CPU
		Debug|ARM = Debug|ARM
		Debug|iPhone = Debug|iPhone
		Debug|iPhoneSimulator = Debug|iPhoneSimulator
		Debug|x64 = Debug|x64
		Debug|x86 = Debug|x86
		Release|Any CPU = Release|Any CPU
		Release|ARM = Release|ARM
		Release|iPhone = Release|iPhone
		Release|iPhoneSimulator = Release|iPhoneSimulator
		Release|x64 = Release|x64
		Release|x86 = Release|x86
	EndGlobalSection
	GlobalSection(ProjectConfigurationPlatforms) = postSolution
		{28A312C2-E429-43D7-8D27-95482994AFF7}.Ad-Hoc|Any CPU.ActiveCfg = Release|Any CPU
		{28A312C2-E429-43D7-8D27-95482994AFF7}.Ad-Hoc|Any CPU.Build.0 = Release|Any CPU
		{28A312C2-E429-43D7-8D27-95482994AFF7}.Ad-Hoc|Any CPU.Deploy.0 = Release|Any CPU
		{28A312C2-E429-43D7-8D27-95482994AFF7}.Ad-Hoc|ARM.ActiveCfg = Release|Any CPU
		{28A312C2-E429-43D7-8D27-95482994AFF7}.Ad-Hoc|ARM.Build.0 = Release|Any CPU
		{28A312C2-E429-43D7-8D27-95482994AFF7}.Ad-Hoc|ARM.Deploy.0 = Release|Any CPU
		{28A312C2-E429-43D7-8D27-95482994AFF7}.Ad-Hoc|iPhone.ActiveCfg = Release|Any CPU
		{28A312C2-E429-43D7-8D27-95482994AFF7}.Ad-Hoc|iPhone.Build.0 = Release|Any CPU
		{28A312C2-E429-43D7-8D27-95482994AFF7}.Ad-Hoc|iPhone.Deploy.0 = Release|Any CPU
		{28A312C2-E429-43D7-8D27-95482994AFF7}.Ad-Hoc|iPhoneSimulator.ActiveCfg = Release|Any CPU
		{28A312C2-E429-43D7-8D27-95482994AFF7}.Ad-Hoc|iPhoneSimulator.Build.0 = Release|Any CPU
		{28A312C2-E429-43D7-8D27-95482994AFF7}.Ad-Hoc|iPhoneSimulator.Deploy.0 = Release|Any CPU
		{28A312C2-E429-43D7-8D27-95482994AFF7}.Ad-Hoc|x64.ActiveCfg = Release|Any CPU
		{28A312C2-E429-43D7-8D27-95482994AFF7}.Ad-Hoc|x64.Build.0 = Release|Any CPU
		{28A312C2-E429-43D7-8D27-95482994AFF7}.Ad-Hoc|x64.Deploy.0 = Release|Any CPU
		{28A312C2-E429-43D7-8D27-95482994AFF7}.Ad-Hoc|x86.ActiveCfg = Release|Any CPU
		{28A312C2-E429-43D7-8D27-95482994AFF7}.Ad-Hoc|x86.Build.0 = Release|Any CPU
		{28A312C2-E429-43D7-8D27-95482994AFF7}.Ad-Hoc|x86.Deploy.0 = Release|Any CPU
		{28A312C2-E429-43D7-8D27-95482994AFF7}.AppStore|Any CPU.ActiveCfg = Release|Any CPU
		{28A312C2-E429-43D7-8D27-95482994AFF7}.AppStore|Any CPU.Build.0 = Release|Any CPU
		{28A312C2-E429-43D7-8D27-95482994AFF7}.AppStore|Any CPU.Deploy.0 = Release|Any CPU
		{28A312C2-E429-43D7-8D27-95482994AFF7}.AppStore|ARM.ActiveCfg = Release|Any CPU
		{28A312C2-E429-43D7-8D27-95482994AFF7}.AppStore|ARM.Build.0 = Release|Any CPU
		{28A312C2-E429-43D7-8D27-95482994AFF7}.AppStore|ARM.Deploy.0 = Release|Any CPU
		{28A312C2-E429-43D7-8D27-95482994AFF7}.AppStore|iPhone.ActiveCfg = Release|Any CPU
		{28A312C2-E429-43D7-8D27-95482994AFF7}.AppStore|iPhone.Build.0 = Release|Any CPU
		{28A312C2-E429-43D7-8D27-95482994AFF7}.AppStore|iPhone.Deploy.0 = Release|Any CPU
		{28A312C2-E429-43D7-8D27-95482994AFF7}.AppStore|iPhoneSimulator.ActiveCfg = Release|Any CPU
		{28A312C2-E429-43D7-8D27-95482994AFF7}.AppStore|iPhoneSimulator.Build.0 = Release|Any CPU
		{28A312C2-E429-43D7-8D27-95482994AFF7}.AppStore|iPhoneSimulator.Deploy.0 = Release|Any CPU
		{28A312C2-E429-43D7-8D27-95482994AFF7}.AppStore|x64.ActiveCfg = Release|Any CPU
		{28A312C2-E429-43D7-8D27-95482994AFF7}.AppStore|x64.Build.0 = Release|Any CPU
		{28A312C2-E429-43D7-8D27-95482994AFF7}.AppStore|x64.Deploy.0 = Release|Any CPU
		{28A312C2-E429-43D7-8D27-95482994AFF7}.AppStore|x86.ActiveCfg = Release|Any CPU
		{28A312C2-E429-43D7-8D27-95482994AFF7}.AppStore|x86.Build.0 = Release|Any CPU
		{28A312C2-E429-43D7-8D27-95482994AFF7}.AppStore|x86.Deploy.0 = Release|Any CPU
		{28A312C2-E429-43D7-8D27-95482994AFF7}.Debug|Any CPU.ActiveCfg = Debug|Any CPU
		{28A312C2-E429-43D7-8D27-95482994AFF7}.Debug|Any CPU.Build.0 = Debug|Any CPU
		{28A312C2-E429-43D7-8D27-95482994AFF7}.Debug|Any CPU.Deploy.0 = Debug|Any CPU
		{28A312C2-E429-43D7-8D27-95482994AFF7}.Debug|ARM.ActiveCfg = Debug|Any CPU
		{28A312C2-E429-43D7-8D27-95482994AFF7}.Debug|ARM.Build.0 = Debug|Any CPU
		{28A312C2-E429-43D7-8D27-95482994AFF7}.Debug|ARM.Deploy.0 = Debug|Any CPU
		{28A312C2-E429-43D7-8D27-95482994AFF7}.Debug|iPhone.ActiveCfg = Debug|Any CPU
		{28A312C2-E429-43D7-8D27-95482994AFF7}.Debug|iPhone.Build.0 = Debug|Any CPU
		{28A312C2-E429-43D7-8D27-95482994AFF7}.Debug|iPhone.Deploy.0 = Debug|Any CPU
		{28A312C2-E429-43D7-8D27-95482994AFF7}.Debug|iPhoneSimulator.ActiveCfg = Debug|Any CPU
		{28A312C2-E429-43D7-8D27-95482994AFF7}.Debug|iPhoneSimulator.Build.0 = Debug|Any CPU
		{28A312C2-E429-43D7-8D27-95482994AFF7}.Debug|iPhoneSimulator.Deploy.0 = Debug|Any CPU
		{28A312C2-E429-43D7-8D27-95482994AFF7}.Debug|x64.ActiveCfg = Debug|Any CPU
		{28A312C2-E429-43D7-8D27-95482994AFF7}.Debug|x64.Build.0 = Debug|Any CPU
		{28A312C2-E429-43D7-8D27-95482994AFF7}.Debug|x64.Deploy.0 = Debug|Any CPU
		{28A312C2-E429-43D7-8D27-95482994AFF7}.Debug|x86.ActiveCfg = Debug|Any CPU
		{28A312C2-E429-43D7-8D27-95482994AFF7}.Debug|x86.Build.0 = Debug|Any CPU
		{28A312C2-E429-43D7-8D27-95482994AFF7}.Debug|x86.Deploy.0 = Debug|Any CPU
		{28A312C2-E429-43D7-8D27-95482994AFF7}.Release|Any CPU.ActiveCfg = Release|Any CPU
		{28A312C2-E429-43D7-8D27-95482994AFF7}.Release|Any CPU.Build.0 = Release|Any CPU
		{28A312C2-E429-43D7-8D27-95482994AFF7}.Release|Any CPU.Deploy.0 = Release|Any CPU
		{28A312C2-E429-43D7-8D27-95482994AFF7}.Release|ARM.ActiveCfg = Release|Any CPU
		{28A312C2-E429-43D7-8D27-95482994AFF7}.Release|ARM.Build.0 = Release|Any CPU
		{28A312C2-E429-43D7-8D27-95482994AFF7}.Release|ARM.Deploy.0 = Release|Any CPU
		{28A312C2-E429-43D7-8D27-95482994AFF7}.Release|iPhone.ActiveCfg = Release|Any CPU
		{28A312C2-E429-43D7-8D27-95482994AFF7}.Release|iPhone.Build.0 = Release|Any CPU
		{28A312C2-E429-43D7-8D27-95482994AFF7}.Release|iPhone.Deploy.0 = Release|Any CPU
		{28A312C2-E429-43D7-8D27-95482994AFF7}.Release|iPhoneSimulator.ActiveCfg = Release|Any CPU
		{28A312C2-E429-43D7-8D27-95482994AFF7}.Release|iPhoneSimulator.Build.0 = Release|Any CPU
		{28A312C2-E429-43D7-8D27-95482994AFF7}.Release|iPhoneSimulator.Deploy.0 = Release|Any CPU
		{28A312C2-E429-43D7-8D27-95482994AFF7}.Release|x64.ActiveCfg = Release|Any CPU
		{28A312C2-E429-43D7-8D27-95482994AFF7}.Release|x64.Build.0 = Release|Any CPU
		{28A312C2-E429-43D7-8D27-95482994AFF7}.Release|x64.Deploy.0 = Release|Any CPU
		{28A312C2-E429-43D7-8D27-95482994AFF7}.Release|x86.ActiveCfg = Release|Any CPU
		{28A312C2-E429-43D7-8D27-95482994AFF7}.Release|x86.Build.0 = Release|Any CPU
		{28A312C2-E429-43D7-8D27-95482994AFF7}.Release|x86.Deploy.0 = Release|Any CPU
		{131E1074-D122-4A98-94A8-768789F1F27F}.Ad-Hoc|Any CPU.ActiveCfg = Release|Any CPU
		{131E1074-D122-4A98-94A8-768789F1F27F}.Ad-Hoc|Any CPU.Build.0 = Release|Any CPU
		{131E1074-D122-4A98-94A8-768789F1F27F}.Ad-Hoc|ARM.ActiveCfg = Release|Any CPU
		{131E1074-D122-4A98-94A8-768789F1F27F}.Ad-Hoc|ARM.Build.0 = Release|Any CPU
		{131E1074-D122-4A98-94A8-768789F1F27F}.Ad-Hoc|iPhone.ActiveCfg = Release|Any CPU
		{131E1074-D122-4A98-94A8-768789F1F27F}.Ad-Hoc|iPhone.Build.0 = Release|Any CPU
		{131E1074-D122-4A98-94A8-768789F1F27F}.Ad-Hoc|iPhoneSimulator.ActiveCfg = Release|Any CPU
		{131E1074-D122-4A98-94A8-768789F1F27F}.Ad-Hoc|iPhoneSimulator.Build.0 = Release|Any CPU
		{131E1074-D122-4A98-94A8-768789F1F27F}.Ad-Hoc|x64.ActiveCfg = Release|Any CPU
		{131E1074-D122-4A98-94A8-768789F1F27F}.Ad-Hoc|x64.Build.0 = Release|Any CPU
		{131E1074-D122-4A98-94A8-768789F1F27F}.Ad-Hoc|x86.ActiveCfg = Release|Any CPU
		{131E1074-D122-4A98-94A8-768789F1F27F}.Ad-Hoc|x86.Build.0 = Release|Any CPU
		{131E1074-D122-4A98-94A8-768789F1F27F}.AppStore|Any CPU.ActiveCfg = Release|Any CPU
		{131E1074-D122-4A98-94A8-768789F1F27F}.AppStore|Any CPU.Build.0 = Release|Any CPU
		{131E1074-D122-4A98-94A8-768789F1F27F}.AppStore|ARM.ActiveCfg = Release|Any CPU
		{131E1074-D122-4A98-94A8-768789F1F27F}.AppStore|ARM.Build.0 = Release|Any CPU
		{131E1074-D122-4A98-94A8-768789F1F27F}.AppStore|iPhone.ActiveCfg = Release|Any CPU
		{131E1074-D122-4A98-94A8-768789F1F27F}.AppStore|iPhone.Build.0 = Release|Any CPU
		{131E1074-D122-4A98-94A8-768789F1F27F}.AppStore|iPhoneSimulator.ActiveCfg = Release|Any CPU
		{131E1074-D122-4A98-94A8-768789F1F27F}.AppStore|iPhoneSimulator.Build.0 = Release|Any CPU
		{131E1074-D122-4A98-94A8-768789F1F27F}.AppStore|x64.ActiveCfg = Release|Any CPU
		{131E1074-D122-4A98-94A8-768789F1F27F}.AppStore|x64.Build.0 = Release|Any CPU
		{131E1074-D122-4A98-94A8-768789F1F27F}.AppStore|x86.ActiveCfg = Release|Any CPU
		{131E1074-D122-4A98-94A8-768789F1F27F}.AppStore|x86.Build.0 = Release|Any CPU
		{131E1074-D122-4A98-94A8-768789F1F27F}.Debug|Any CPU.ActiveCfg = Debug|Any CPU
		{131E1074-D122-4A98-94A8-768789F1F27F}.Debug|Any CPU.Build.0 = Debug|Any CPU
		{131E1074-D122-4A98-94A8-768789F1F27F}.Debug|ARM.ActiveCfg = Debug|Any CPU
		{131E1074-D122-4A98-94A8-768789F1F27F}.Debug|ARM.Build.0 = Debug|Any CPU
		{131E1074-D122-4A98-94A8-768789F1F27F}.Debug|iPhone.ActiveCfg = Debug|Any CPU
		{131E1074-D122-4A98-94A8-768789F1F27F}.Debug|iPhone.Build.0 = Debug|Any CPU
		{131E1074-D122-4A98-94A8-768789F1F27F}.Debug|iPhoneSimulator.ActiveCfg = Debug|Any CPU
		{131E1074-D122-4A98-94A8-768789F1F27F}.Debug|iPhoneSimulator.Build.0 = Debug|Any CPU
		{131E1074-D122-4A98-94A8-768789F1F27F}.Debug|x64.ActiveCfg = Debug|Any CPU
		{131E1074-D122-4A98-94A8-768789F1F27F}.Debug|x64.Build.0 = Debug|Any CPU
		{131E1074-D122-4A98-94A8-768789F1F27F}.Debug|x86.ActiveCfg = Debug|Any CPU
		{131E1074-D122-4A98-94A8-768789F1F27F}.Debug|x86.Build.0 = Debug|Any CPU
		{131E1074-D122-4A98-94A8-768789F1F27F}.Release|Any CPU.ActiveCfg = Release|Any CPU
		{131E1074-D122-4A98-94A8-768789F1F27F}.Release|Any CPU.Build.0 = Release|Any CPU
		{131E1074-D122-4A98-94A8-768789F1F27F}.Release|ARM.ActiveCfg = Release|Any CPU
		{131E1074-D122-4A98-94A8-768789F1F27F}.Release|ARM.Build.0 = Release|Any CPU
		{131E1074-D122-4A98-94A8-768789F1F27F}.Release|iPhone.ActiveCfg = Release|Any CPU
		{131E1074-D122-4A98-94A8-768789F1F27F}.Release|iPhone.Build.0 = Release|Any CPU
		{131E1074-D122-4A98-94A8-768789F1F27F}.Release|iPhoneSimulator.ActiveCfg = Release|Any CPU
		{131E1074-D122-4A98-94A8-768789F1F27F}.Release|iPhoneSimulator.Build.0 = Release|Any CPU
		{131E1074-D122-4A98-94A8-768789F1F27F}.Release|x64.ActiveCfg = Release|Any CPU
		{131E1074-D122-4A98-94A8-768789F1F27F}.Release|x64.Build.0 = Release|Any CPU
		{131E1074-D122-4A98-94A8-768789F1F27F}.Release|x86.ActiveCfg = Release|Any CPU
		{131E1074-D122-4A98-94A8-768789F1F27F}.Release|x86.Build.0 = Release|Any CPU
		{6709FEBE-B161-4038-AE5F-BE0EB0DE728A}.Ad-Hoc|Any CPU.ActiveCfg = Release|x86
		{6709FEBE-B161-4038-AE5F-BE0EB0DE728A}.Ad-Hoc|Any CPU.Build.0 = Release|x86
		{6709FEBE-B161-4038-AE5F-BE0EB0DE728A}.Ad-Hoc|Any CPU.Deploy.0 = Release|x86
		{6709FEBE-B161-4038-AE5F-BE0EB0DE728A}.Ad-Hoc|ARM.ActiveCfg = Release|ARM
		{6709FEBE-B161-4038-AE5F-BE0EB0DE728A}.Ad-Hoc|ARM.Build.0 = Release|ARM
		{6709FEBE-B161-4038-AE5F-BE0EB0DE728A}.Ad-Hoc|ARM.Deploy.0 = Release|ARM
		{6709FEBE-B161-4038-AE5F-BE0EB0DE728A}.Ad-Hoc|iPhone.ActiveCfg = Release|x86
		{6709FEBE-B161-4038-AE5F-BE0EB0DE728A}.Ad-Hoc|iPhone.Build.0 = Release|x86
		{6709FEBE-B161-4038-AE5F-BE0EB0DE728A}.Ad-Hoc|iPhone.Deploy.0 = Release|x86
		{6709FEBE-B161-4038-AE5F-BE0EB0DE728A}.Ad-Hoc|iPhoneSimulator.ActiveCfg = Release|x86
		{6709FEBE-B161-4038-AE5F-BE0EB0DE728A}.Ad-Hoc|iPhoneSimulator.Build.0 = Release|x86
		{6709FEBE-B161-4038-AE5F-BE0EB0DE728A}.Ad-Hoc|iPhoneSimulator.Deploy.0 = Release|x86
		{6709FEBE-B161-4038-AE5F-BE0EB0DE728A}.Ad-Hoc|x64.ActiveCfg = Release|x64
		{6709FEBE-B161-4038-AE5F-BE0EB0DE728A}.Ad-Hoc|x64.Build.0 = Release|x64
		{6709FEBE-B161-4038-AE5F-BE0EB0DE728A}.Ad-Hoc|x64.Deploy.0 = Release|x64
		{6709FEBE-B161-4038-AE5F-BE0EB0DE728A}.Ad-Hoc|x86.ActiveCfg = Release|x86
		{6709FEBE-B161-4038-AE5F-BE0EB0DE728A}.Ad-Hoc|x86.Build.0 = Release|x86
		{6709FEBE-B161-4038-AE5F-BE0EB0DE728A}.Ad-Hoc|x86.Deploy.0 = Release|x86
		{6709FEBE-B161-4038-AE5F-BE0EB0DE728A}.AppStore|Any CPU.ActiveCfg = Release|x86
		{6709FEBE-B161-4038-AE5F-BE0EB0DE728A}.AppStore|Any CPU.Build.0 = Release|x86
		{6709FEBE-B161-4038-AE5F-BE0EB0DE728A}.AppStore|Any CPU.Deploy.0 = Release|x86
		{6709FEBE-B161-4038-AE5F-BE0EB0DE728A}.AppStore|ARM.ActiveCfg = Release|ARM
		{6709FEBE-B161-4038-AE5F-BE0EB0DE728A}.AppStore|ARM.Build.0 = Release|ARM
		{6709FEBE-B161-4038-AE5F-BE0EB0DE728A}.AppStore|ARM.Deploy.0 = Release|ARM
		{6709FEBE-B161-4038-AE5F-BE0EB0DE728A}.AppStore|iPhone.ActiveCfg = Release|x86
		{6709FEBE-B161-4038-AE5F-BE0EB0DE728A}.AppStore|iPhone.Build.0 = Release|x86
		{6709FEBE-B161-4038-AE5F-BE0EB0DE728A}.AppStore|iPhone.Deploy.0 = Release|x86
		{6709FEBE-B161-4038-AE5F-BE0EB0DE728A}.AppStore|iPhoneSimulator.ActiveCfg = Release|x86
		{6709FEBE-B161-4038-AE5F-BE0EB0DE728A}.AppStore|iPhoneSimulator.Build.0 = Release|x86
		{6709FEBE-B161-4038-AE5F-BE0EB0DE728A}.AppStore|iPhoneSimulator.Deploy.0 = Release|x86
		{6709FEBE-B161-4038-AE5F-BE0EB0DE728A}.AppStore|x64.ActiveCfg = Release|x64
		{6709FEBE-B161-4038-AE5F-BE0EB0DE728A}.AppStore|x64.Build.0 = Release|x64
		{6709FEBE-B161-4038-AE5F-BE0EB0DE728A}.AppStore|x64.Deploy.0 = Release|x64
		{6709FEBE-B161-4038-AE5F-BE0EB0DE728A}.AppStore|x86.ActiveCfg = Release|x86
		{6709FEBE-B161-4038-AE5F-BE0EB0DE728A}.AppStore|x86.Build.0 = Release|x86
		{6709FEBE-B161-4038-AE5F-BE0EB0DE728A}.AppStore|x86.Deploy.0 = Release|x86
		{6709FEBE-B161-4038-AE5F-BE0EB0DE728A}.Debug|Any CPU.ActiveCfg = Debug|x86
		{6709FEBE-B161-4038-AE5F-BE0EB0DE728A}.Debug|ARM.ActiveCfg = Debug|ARM
		{6709FEBE-B161-4038-AE5F-BE0EB0DE728A}.Debug|ARM.Build.0 = Debug|ARM
		{6709FEBE-B161-4038-AE5F-BE0EB0DE728A}.Debug|ARM.Deploy.0 = Debug|ARM
		{6709FEBE-B161-4038-AE5F-BE0EB0DE728A}.Debug|iPhone.ActiveCfg = Debug|x86
		{6709FEBE-B161-4038-AE5F-BE0EB0DE728A}.Debug|iPhoneSimulator.ActiveCfg = Debug|x86
		{6709FEBE-B161-4038-AE5F-BE0EB0DE728A}.Debug|x64.ActiveCfg = Debug|x64
		{6709FEBE-B161-4038-AE5F-BE0EB0DE728A}.Debug|x64.Build.0 = Debug|x64
		{6709FEBE-B161-4038-AE5F-BE0EB0DE728A}.Debug|x64.Deploy.0 = Debug|x64
		{6709FEBE-B161-4038-AE5F-BE0EB0DE728A}.Debug|x86.ActiveCfg = Debug|x86
		{6709FEBE-B161-4038-AE5F-BE0EB0DE728A}.Debug|x86.Build.0 = Debug|x86
		{6709FEBE-B161-4038-AE5F-BE0EB0DE728A}.Debug|x86.Deploy.0 = Debug|x86
		{6709FEBE-B161-4038-AE5F-BE0EB0DE728A}.Release|Any CPU.ActiveCfg = Release|x86
		{6709FEBE-B161-4038-AE5F-BE0EB0DE728A}.Release|ARM.ActiveCfg = Release|ARM
		{6709FEBE-B161-4038-AE5F-BE0EB0DE728A}.Release|ARM.Build.0 = Release|ARM
		{6709FEBE-B161-4038-AE5F-BE0EB0DE728A}.Release|ARM.Deploy.0 = Release|ARM
		{6709FEBE-B161-4038-AE5F-BE0EB0DE728A}.Release|iPhone.ActiveCfg = Release|x86
		{6709FEBE-B161-4038-AE5F-BE0EB0DE728A}.Release|iPhoneSimulator.ActiveCfg = Release|x86
		{6709FEBE-B161-4038-AE5F-BE0EB0DE728A}.Release|x64.ActiveCfg = Release|x64
		{6709FEBE-B161-4038-AE5F-BE0EB0DE728A}.Release|x64.Build.0 = Release|x64
		{6709FEBE-B161-4038-AE5F-BE0EB0DE728A}.Release|x64.Deploy.0 = Release|x64
		{6709FEBE-B161-4038-AE5F-BE0EB0DE728A}.Release|x86.ActiveCfg = Release|x86
		{6709FEBE-B161-4038-AE5F-BE0EB0DE728A}.Release|x86.Build.0 = Release|x86
		{6709FEBE-B161-4038-AE5F-BE0EB0DE728A}.Release|x86.Deploy.0 = Release|x86
		{C134A2FA-7681-4FB6-A086-C3F263472D69}.Ad-Hoc|Any CPU.ActiveCfg = Ad-Hoc|iPhone
		{C134A2FA-7681-4FB6-A086-C3F263472D69}.Ad-Hoc|ARM.ActiveCfg = Ad-Hoc|iPhone
		{C134A2FA-7681-4FB6-A086-C3F263472D69}.Ad-Hoc|iPhone.ActiveCfg = Ad-Hoc|iPhone
		{C134A2FA-7681-4FB6-A086-C3F263472D69}.Ad-Hoc|iPhone.Build.0 = Ad-Hoc|iPhone
		{C134A2FA-7681-4FB6-A086-C3F263472D69}.Ad-Hoc|iPhoneSimulator.ActiveCfg = Ad-Hoc|iPhoneSimulator
		{C134A2FA-7681-4FB6-A086-C3F263472D69}.Ad-Hoc|iPhoneSimulator.Build.0 = Ad-Hoc|iPhoneSimulator
		{C134A2FA-7681-4FB6-A086-C3F263472D69}.Ad-Hoc|x64.ActiveCfg = Ad-Hoc|iPhone
		{C134A2FA-7681-4FB6-A086-C3F263472D69}.Ad-Hoc|x86.ActiveCfg = Ad-Hoc|iPhone
		{C134A2FA-7681-4FB6-A086-C3F263472D69}.AppStore|Any CPU.ActiveCfg = AppStore|iPhone
		{C134A2FA-7681-4FB6-A086-C3F263472D69}.AppStore|ARM.ActiveCfg = AppStore|iPhone
		{C134A2FA-7681-4FB6-A086-C3F263472D69}.AppStore|iPhone.ActiveCfg = AppStore|iPhone
		{C134A2FA-7681-4FB6-A086-C3F263472D69}.AppStore|iPhone.Build.0 = AppStore|iPhone
		{C134A2FA-7681-4FB6-A086-C3F263472D69}.AppStore|iPhoneSimulator.ActiveCfg = AppStore|iPhoneSimulator
		{C134A2FA-7681-4FB6-A086-C3F263472D69}.AppStore|iPhoneSimulator.Build.0 = AppStore|iPhoneSimulator
		{C134A2FA-7681-4FB6-A086-C3F263472D69}.AppStore|x64.ActiveCfg = AppStore|iPhone
		{C134A2FA-7681-4FB6-A086-C3F263472D69}.AppStore|x86.ActiveCfg = AppStore|iPhone
		{C134A2FA-7681-4FB6-A086-C3F263472D69}.Debug|Any CPU.ActiveCfg = Debug|iPhone
		{C134A2FA-7681-4FB6-A086-C3F263472D69}.Debug|ARM.ActiveCfg = Debug|iPhone
		{C134A2FA-7681-4FB6-A086-C3F263472D69}.Debug|iPhone.ActiveCfg = Debug|iPhone
		{C134A2FA-7681-4FB6-A086-C3F263472D69}.Debug|iPhone.Build.0 = Debug|iPhone
		{C134A2FA-7681-4FB6-A086-C3F263472D69}.Debug|iPhoneSimulator.ActiveCfg = Debug|iPhoneSimulator
		{C134A2FA-7681-4FB6-A086-C3F263472D69}.Debug|iPhoneSimulator.Build.0 = Debug|iPhoneSimulator
		{C134A2FA-7681-4FB6-A086-C3F263472D69}.Debug|x64.ActiveCfg = Debug|iPhone
		{C134A2FA-7681-4FB6-A086-C3F263472D69}.Debug|x86.ActiveCfg = Debug|iPhone
		{C134A2FA-7681-4FB6-A086-C3F263472D69}.Release|Any CPU.ActiveCfg = Release|iPhone
		{C134A2FA-7681-4FB6-A086-C3F263472D69}.Release|ARM.ActiveCfg = Release|iPhone
		{C134A2FA-7681-4FB6-A086-C3F263472D69}.Release|iPhone.ActiveCfg = Release|iPhone
		{C134A2FA-7681-4FB6-A086-C3F263472D69}.Release|iPhone.Build.0 = Release|iPhone
		{C134A2FA-7681-4FB6-A086-C3F263472D69}.Release|iPhoneSimulator.ActiveCfg = Release|iPhoneSimulator
		{C134A2FA-7681-4FB6-A086-C3F263472D69}.Release|iPhoneSimulator.Build.0 = Release|iPhoneSimulator
		{C134A2FA-7681-4FB6-A086-C3F263472D69}.Release|x64.ActiveCfg = Release|iPhone
		{C134A2FA-7681-4FB6-A086-C3F263472D69}.Release|x86.ActiveCfg = Release|iPhone
	EndGlobalSection
	GlobalSection(SolutionProperties) = preSolution
		HideSolutionNode = FALSE
	EndGlobalSection
	GlobalSection(ExtensibilityGlobals) = postSolution
		SolutionGuid = {83D9CA3F-9CDE-4AB3-B698-377BC2ABC46F}
	EndGlobalSection
EndGlobal
