
Microsoft Visual Studio Solution File, Format Version 12.00
# Visual Studio 15
VisualStudioVersion = 15.0.26730.12
MinimumVisualStudioVersion = 10.0.40219.1
Project("{FAE04EC0-301F-11D3-BF4B-00C04F79EFBC}") = "App2_ListaBrasil.Android", "App2_ListaBrasil\App2_ListaBrasil.Android\App2_ListaBrasil.Android.csproj", "{7BA83C4B-3C9E-45C2-B522-BC134CAE9AF3}"
EndProject
Project("{FAE04EC0-301F-11D3-BF4B-00C04F79EFBC}") = "App2_ListaBrasil", "App2_ListaBrasil\App2_ListaBrasil\App2_ListaBrasil.csproj", "{6C28B612-93FF-40B0-860E-FEBF00EEE945}"
EndProject
Project("{FAE04EC0-301F-11D3-BF4B-00C04F79EFBC}") = "App2_ListaBrasil.UWP", "App2_ListaBrasil\App2_ListaBrasil.UWP\App2_ListaBrasil.UWP.csproj", "{35909DFF-2120-497F-8244-BB789BDBDBFC}"
EndProject
Project("{FAE04EC0-301F-11D3-BF4B-00C04F79EFBC}") = "App2_ListaBrasil.iOS", "App2_ListaBrasil\App2_ListaBrasil.iOS\App2_ListaBrasil.iOS.csproj", "{16F52BA7-AB88-421C-AB6D-4388C6234E13}"
EndProject
Global
	GlobalSection(SolutionConfigurationPlatforms) = preSolution
		Ad-Hoc|Any CPU = Ad-Hoc|Any CPU
		Ad-Hoc|ARM = Ad-Hoc|ARM
		Ad-Hoc|iPhone = Ad-Hoc|iPhone
		Ad-Hoc|iPhoneSimulator = Ad-Hoc|iPhoneSimulator
		Ad-Hoc|x64 = Ad-Hoc|x64
		Ad-Hoc|x86 = Ad-Hoc|x86
		AppStore|Any CPU = AppStore|Any CPU
		AppStore|ARM = AppStore|ARM
		AppStore|iPhone = AppStore|iPhone
		AppStore|iPhoneSimulator = AppStore|iPhoneSimulator
		AppStore|x64 = AppStore|x64
		AppStore|x86 = AppStore|x86
		Debug|Any CPU = Debug|Any CPU
		Debug|ARM = Debug|ARM
		Debug|iPhone = Debug|iPhone
		Debug|iPhoneSimulator = Debug|iPhoneSimulator
		Debug|x64 = Debug|x64
		Debug|x86 = Debug|x86
		Release|Any CPU = Release|Any CPU
		Release|ARM = Release|ARM
		Release|iPhone = Release|iPhone
		Release|iPhoneSimulator = Release|iPhoneSimulator
		Release|x64 = Release|x64
		Release|x86 = Release|x86
	EndGlobalSection
	GlobalSection(ProjectConfigurationPlatforms) = postSolution
		{7BA83C4B-3C9E-45C2-B522-BC134CAE9AF3}.Ad-Hoc|Any CPU.ActiveCfg = Release|Any CPU
		{7BA83C4B-3C9E-45C2-B522-BC134CAE9AF3}.Ad-Hoc|Any CPU.Build.0 = Release|Any CPU
		{7BA83C4B-3C9E-45C2-B522-BC134CAE9AF3}.Ad-Hoc|Any CPU.Deploy.0 = Release|Any CPU
		{7BA83C4B-3C9E-45C2-B522-BC134CAE9AF3}.Ad-Hoc|ARM.ActiveCfg = Release|Any CPU
		{7BA83C4B-3C9E-45C2-B522-BC134CAE9AF3}.Ad-Hoc|ARM.Build.0 = Release|Any CPU
		{7BA83C4B-3C9E-45C2-B522-BC134CAE9AF3}.Ad-Hoc|ARM.Deploy.0 = Release|Any CPU
		{7BA83C4B-3C9E-45C2-B522-BC134CAE9AF3}.Ad-Hoc|iPhone.ActiveCfg = Release|Any CPU
		{7BA83C4B-3C9E-45C2-B522-BC134CAE9AF3}.Ad-Hoc|iPhone.Build.0 = Release|Any CPU
		{7BA83C4B-3C9E-45C2-B522-BC134CAE9AF3}.Ad-Hoc|iPhone.Deploy.0 = Release|Any CPU
		{7BA83C4B-3C9E-45C2-B522-BC134CAE9AF3}.Ad-Hoc|iPhoneSimulator.ActiveCfg = Release|Any CPU
		{7BA83C4B-3C9E-45C2-B522-BC134CAE9AF3}.Ad-Hoc|iPhoneSimulator.Build.0 = Release|Any CPU
		{7BA83C4B-3C9E-45C2-B522-BC134CAE9AF3}.Ad-Hoc|iPhoneSimulator.Deploy.0 = Release|Any CPU
		{7BA83C4B-3C9E-45C2-B522-BC134CAE9AF3}.Ad-Hoc|x64.ActiveCfg = Release|Any CPU
		{7BA83C4B-3C9E-45C2-B522-BC134CAE9AF3}.Ad-Hoc|x64.Build.0 = Release|Any CPU
		{7BA83C4B-3C9E-45C2-B522-BC134CAE9AF3}.Ad-Hoc|x64.Deploy.0 = Release|Any CPU
		{7BA83C4B-3C9E-45C2-B522-BC134CAE9AF3}.Ad-Hoc|x86.ActiveCfg = Release|Any CPU
		{7BA83C4B-3C9E-45C2-B522-BC134CAE9AF3}.Ad-Hoc|x86.Build.0 = Release|Any CPU
		{7BA83C4B-3C9E-45C2-B522-BC134CAE9AF3}.Ad-Hoc|x86.Deploy.0 = Release|Any CPU
		{7BA83C4B-3C9E-45C2-B522-BC134CAE9AF3}.AppStore|Any CPU.ActiveCfg = Release|Any CPU
		{7BA83C4B-3C9E-45C2-B522-BC134CAE9AF3}.AppStore|Any CPU.Build.0 = Release|Any CPU
		{7BA83C4B-3C9E-45C2-B522-BC134CAE9AF3}.AppStore|Any CPU.Deploy.0 = Release|Any CPU
		{7BA83C4B-3C9E-45C2-B522-BC134CAE9AF3}.AppStore|ARM.ActiveCfg = Release|Any CPU
		{7BA83C4B-3C9E-45C2-B522-BC134CAE9AF3}.AppStore|ARM.Build.0 = Release|Any CPU
		{7BA83C4B-3C9E-45C2-B522-BC134CAE9AF3}.AppStore|ARM.Deploy.0 = Release|Any CPU
		{7BA83C4B-3C9E-45C2-B522-BC134CAE9AF3}.AppStore|iPhone.ActiveCfg = Release|Any CPU
		{7BA83C4B-3C9E-45C2-B522-BC134CAE9AF3}.AppStore|iPhone.Build.0 = Release|Any CPU
		{7BA83C4B-3C9E-45C2-B522-BC134CAE9AF3}.AppStore|iPhone.Deploy.0 = Release|Any CPU
		{7BA83C4B-3C9E-45C2-B522-BC134CAE9AF3}.AppStore|iPhoneSimulator.ActiveCfg = Release|Any CPU
		{7BA83C4B-3C9E-45C2-B522-BC134CAE9AF3}.AppStore|iPhoneSimulator.Build.0 = Release|Any CPU
		{7BA83C4B-3C9E-45C2-B522-BC134CAE9AF3}.AppStore|iPhoneSimulator.Deploy.0 = Release|Any CPU
		{7BA83C4B-3C9E-45C2-B522-BC134CAE9AF3}.AppStore|x64.ActiveCfg = Release|Any CPU
		{7BA83C4B-3C9E-45C2-B522-BC134CAE9AF3}.AppStore|x64.Build.0 = Release|Any CPU
		{7BA83C4B-3C9E-45C2-B522-BC134CAE9AF3}.AppStore|x64.Deploy.0 = Release|Any CPU
		{7BA83C4B-3C9E-45C2-B522-BC134CAE9AF3}.AppStore|x86.ActiveCfg = Release|Any CPU
		{7BA83C4B-3C9E-45C2-B522-BC134CAE9AF3}.AppStore|x86.Build.0 = Release|Any CPU
		{7BA83C4B-3C9E-45C2-B522-BC134CAE9AF3}.AppStore|x86.Deploy.0 = Release|Any CPU
		{7BA83C4B-3C9E-45C2-B522-BC134CAE9AF3}.Debug|Any CPU.ActiveCfg = Debug|Any CPU
		{7BA83C4B-3C9E-45C2-B522-BC134CAE9AF3}.Debug|Any CPU.Build.0 = Debug|Any CPU
		{7BA83C4B-3C9E-45C2-B522-BC134CAE9AF3}.Debug|Any CPU.Deploy.0 = Debug|Any CPU
		{7BA83C4B-3C9E-45C2-B522-BC134CAE9AF3}.Debug|ARM.ActiveCfg = Debug|Any CPU
		{7BA83C4B-3C9E-45C2-B522-BC134CAE9AF3}.Debug|ARM.Build.0 = Debug|Any CPU
		{7BA83C4B-3C9E-45C2-B522-BC134CAE9AF3}.Debug|ARM.Deploy.0 = Debug|Any CPU
		{7BA83C4B-3C9E-45C2-B522-BC134CAE9AF3}.Debug|iPhone.ActiveCfg = Debug|Any CPU
		{7BA83C4B-3C9E-45C2-B522-BC134CAE9AF3}.Debug|iPhone.Build.0 = Debug|Any CPU
		{7BA83C4B-3C9E-45C2-B522-BC134CAE9AF3}.Debug|iPhone.Deploy.0 = Debug|Any CPU
		{7BA83C4B-3C9E-45C2-B522-BC134CAE9AF3}.Debug|iPhoneSimulator.ActiveCfg = Debug|Any CPU
		{7BA83C4B-3C9E-45C2-B522-BC134CAE9AF3}.Debug|iPhoneSimulator.Build.0 = Debug|Any CPU
		{7BA83C4B-3C9E-45C2-B522-BC134CAE9AF3}.Debug|iPhoneSimulator.Deploy.0 = Debug|Any CPU
		{7BA83C4B-3C9E-45C2-B522-BC134CAE9AF3}.Debug|x64.ActiveCfg = Debug|Any CPU
		{7BA83C4B-3C9E-45C2-B522-BC134CAE9AF3}.Debug|x64.Build.0 = Debug|Any CPU
		{7BA83C4B-3C9E-45C2-B522-BC134CAE9AF3}.Debug|x64.Deploy.0 = Debug|Any CPU
		{7BA83C4B-3C9E-45C2-B522-BC134CAE9AF3}.Debug|x86.ActiveCfg = Debug|Any CPU
		{7BA83C4B-3C9E-45C2-B522-BC134CAE9AF3}.Debug|x86.Build.0 = Debug|Any CPU
		{7BA83C4B-3C9E-45C2-B522-BC134CAE9AF3}.Debug|x86.Deploy.0 = Debug|Any CPU
		{7BA83C4B-3C9E-45C2-B522-BC134CAE9AF3}.Release|Any CPU.ActiveCfg = Release|Any CPU
		{7BA83C4B-3C9E-45C2-B522-BC134CAE9AF3}.Release|Any CPU.Build.0 = Release|Any CPU
		{7BA83C4B-3C9E-45C2-B522-BC134CAE9AF3}.Release|Any CPU.Deploy.0 = Release|Any CPU
		{7BA83C4B-3C9E-45C2-B522-BC134CAE9AF3}.Release|ARM.ActiveCfg = Release|Any CPU
		{7BA83C4B-3C9E-45C2-B522-BC134CAE9AF3}.Release|ARM.Build.0 = Release|Any CPU
		{7BA83C4B-3C9E-45C2-B522-BC134CAE9AF3}.Release|ARM.Deploy.0 = Release|Any CPU
		{7BA83C4B-3C9E-45C2-B522-BC134CAE9AF3}.Release|iPhone.ActiveCfg = Release|Any CPU
		{7BA83C4B-3C9E-45C2-B522-BC134CAE9AF3}.Release|iPhone.Build.0 = Release|Any CPU
		{7BA83C4B-3C9E-45C2-B522-BC134CAE9AF3}.Release|iPhone.Deploy.0 = Release|Any CPU
		{7BA83C4B-3C9E-45C2-B522-BC134CAE9AF3}.Release|iPhoneSimulator.ActiveCfg = Release|Any CPU
		{7BA83C4B-3C9E-45C2-B522-BC134CAE9AF3}.Release|iPhoneSimulator.Build.0 = Release|Any CPU
		{7BA83C4B-3C9E-45C2-B522-BC134CAE9AF3}.Release|iPhoneSimulator.Deploy.0 = Release|Any CPU
		{7BA83C4B-3C9E-45C2-B522-BC134CAE9AF3}.Release|x64.ActiveCfg = Release|Any CPU
		{7BA83C4B-3C9E-45C2-B522-BC134CAE9AF3}.Release|x64.Build.0 = Release|Any CPU
		{7BA83C4B-3C9E-45C2-B522-BC134CAE9AF3}.Release|x64.Deploy.0 = Release|Any CPU
		{7BA83C4B-3C9E-45C2-B522-BC134CAE9AF3}.Release|x86.ActiveCfg = Release|Any CPU
		{7BA83C4B-3C9E-45C2-B522-BC134CAE9AF3}.Release|x86.Build.0 = Release|Any CPU
		{7BA83C4B-3C9E-45C2-B522-BC134CAE9AF3}.Release|x86.Deploy.0 = Release|Any CPU
		{6C28B612-93FF-40B0-860E-FEBF00EEE945}.Ad-Hoc|Any CPU.ActiveCfg = Release|Any CPU
		{6C28B612-93FF-40B0-860E-FEBF00EEE945}.Ad-Hoc|Any CPU.Build.0 = Release|Any CPU
		{6C28B612-93FF-40B0-860E-FEBF00EEE945}.Ad-Hoc|ARM.ActiveCfg = Release|Any CPU
		{6C28B612-93FF-40B0-860E-FEBF00EEE945}.Ad-Hoc|ARM.Build.0 = Release|Any CPU
		{6C28B612-93FF-40B0-860E-FEBF00EEE945}.Ad-Hoc|iPhone.ActiveCfg = Release|Any CPU
		{6C28B612-93FF-40B0-860E-FEBF00EEE945}.Ad-Hoc|iPhone.Build.0 = Release|Any CPU
		{6C28B612-93FF-40B0-860E-FEBF00EEE945}.Ad-Hoc|iPhoneSimulator.ActiveCfg = Release|Any CPU
		{6C28B612-93FF-40B0-860E-FEBF00EEE945}.Ad-Hoc|iPhoneSimulator.Build.0 = Release|Any CPU
		{6C28B612-93FF-40B0-860E-FEBF00EEE945}.Ad-Hoc|x64.ActiveCfg = Release|Any CPU
		{6C28B612-93FF-40B0-860E-FEBF00EEE945}.Ad-Hoc|x64.Build.0 = Release|Any CPU
		{6C28B612-93FF-40B0-860E-FEBF00EEE945}.Ad-Hoc|x86.ActiveCfg = Release|Any CPU
		{6C28B612-93FF-40B0-860E-FEBF00EEE945}.Ad-Hoc|x86.Build.0 = Release|Any CPU
		{6C28B612-93FF-40B0-860E-FEBF00EEE945}.AppStore|Any CPU.ActiveCfg = Release|Any CPU
		{6C28B612-93FF-40B0-860E-FEBF00EEE945}.AppStore|Any CPU.Build.0 = Release|Any CPU
		{6C28B612-93FF-40B0-860E-FEBF00EEE945}.AppStore|ARM.ActiveCfg = Release|Any CPU
		{6C28B612-93FF-40B0-860E-FEBF00EEE945}.AppStore|ARM.Build.0 = Release|Any CPU
		{6C28B612-93FF-40B0-860E-FEBF00EEE945}.AppStore|iPhone.ActiveCfg = Release|Any CPU
		{6C28B612-93FF-40B0-860E-FEBF00EEE945}.AppStore|iPhone.Build.0 = Release|Any CPU
		{6C28B612-93FF-40B0-860E-FEBF00EEE945}.AppStore|iPhoneSimulator.ActiveCfg = Release|Any CPU
		{6C28B612-93FF-40B0-860E-FEBF00EEE945}.AppStore|iPhoneSimulator.Build.0 = Release|Any CPU
		{6C28B612-93FF-40B0-860E-FEBF00EEE945}.AppStore|x64.ActiveCfg = Release|Any CPU
		{6C28B612-93FF-40B0-860E-FEBF00EEE945}.AppStore|x64.Build.0 = Release|Any CPU
		{6C28B612-93FF-40B0-860E-FEBF00EEE945}.AppStore|x86.ActiveCfg = Release|Any CPU
		{6C28B612-93FF-40B0-860E-FEBF00EEE945}.AppStore|x86.Build.0 = Release|Any CPU
		{6C28B612-93FF-40B0-860E-FEBF00EEE945}.Debug|Any CPU.ActiveCfg = Debug|Any CPU
		{6C28B612-93FF-40B0-860E-FEBF00EEE945}.Debug|Any CPU.Build.0 = Debug|Any CPU
		{6C28B612-93FF-40B0-860E-FEBF00EEE945}.Debug|ARM.ActiveCfg = Debug|Any CPU
		{6C28B612-93FF-40B0-860E-FEBF00EEE945}.Debug|ARM.Build.0 = Debug|Any CPU
		{6C28B612-93FF-40B0-860E-FEBF00EEE945}.Debug|iPhone.ActiveCfg = Debug|Any CPU
		{6C28B612-93FF-40B0-860E-FEBF00EEE945}.Debug|iPhone.Build.0 = Debug|Any CPU
		{6C28B612-93FF-40B0-860E-FEBF00EEE945}.Debug|iPhoneSimulator.ActiveCfg = Debug|Any CPU
		{6C28B612-93FF-40B0-860E-FEBF00EEE945}.Debug|iPhoneSimulator.Build.0 = Debug|Any CPU
		{6C28B612-93FF-40B0-860E-FEBF00EEE945}.Debug|x64.ActiveCfg = Debug|Any CPU
		{6C28B612-93FF-40B0-860E-FEBF00EEE945}.Debug|x64.Build.0 = Debug|Any CPU
		{6C28B612-93FF-40B0-860E-FEBF00EEE945}.Debug|x86.ActiveCfg = Debug|Any CPU
		{6C28B612-93FF-40B0-860E-FEBF00EEE945}.Debug|x86.Build.0 = Debug|Any CPU
		{6C28B612-93FF-40B0-860E-FEBF00EEE945}.Release|Any CPU.ActiveCfg = Release|Any CPU
		{6C28B612-93FF-40B0-860E-FEBF00EEE945}.Release|Any CPU.Build.0 = Release|Any CPU
		{6C28B612-93FF-40B0-860E-FEBF00EEE945}.Release|ARM.ActiveCfg = Release|Any CPU
		{6C28B612-93FF-40B0-860E-FEBF00EEE945}.Release|ARM.Build.0 = Release|Any CPU
		{6C28B612-93FF-40B0-860E-FEBF00EEE945}.Release|iPhone.ActiveCfg = Release|Any CPU
		{6C28B612-93FF-40B0-860E-FEBF00EEE945}.Release|iPhone.Build.0 = Release|Any CPU
		{6C28B612-93FF-40B0-860E-FEBF00EEE945}.Release|iPhoneSimulator.ActiveCfg = Release|Any CPU
		{6C28B612-93FF-40B0-860E-FEBF00EEE945}.Release|iPhoneSimulator.Build.0 = Release|Any CPU
		{6C28B612-93FF-40B0-860E-FEBF00EEE945}.Release|x64.ActiveCfg = Release|Any CPU
		{6C28B612-93FF-40B0-860E-FEBF00EEE945}.Release|x64.Build.0 = Release|Any CPU
		{6C28B612-93FF-40B0-860E-FEBF00EEE945}.Release|x86.ActiveCfg = Release|Any CPU
		{6C28B612-93FF-40B0-860E-FEBF00EEE945}.Release|x86.Build.0 = Release|Any CPU
		{35909DFF-2120-497F-8244-BB789BDBDBFC}.Ad-Hoc|Any CPU.ActiveCfg = Release|x86
		{35909DFF-2120-497F-8244-BB789BDBDBFC}.Ad-Hoc|Any CPU.Build.0 = Release|x86
		{35909DFF-2120-497F-8244-BB789BDBDBFC}.Ad-Hoc|Any CPU.Deploy.0 = Release|x86
		{35909DFF-2120-497F-8244-BB789BDBDBFC}.Ad-Hoc|ARM.ActiveCfg = Release|ARM
		{35909DFF-2120-497F-8244-BB789BDBDBFC}.Ad-Hoc|ARM.Build.0 = Release|ARM
		{35909DFF-2120-497F-8244-BB789BDBDBFC}.Ad-Hoc|ARM.Deploy.0 = Release|ARM
		{35909DFF-2120-497F-8244-BB789BDBDBFC}.Ad-Hoc|iPhone.ActiveCfg = Release|x86
		{35909DFF-2120-497F-8244-BB789BDBDBFC}.Ad-Hoc|iPhone.Build.0 = Release|x86
		{35909DFF-2120-497F-8244-BB789BDBDBFC}.Ad-Hoc|iPhone.Deploy.0 = Release|x86
		{35909DFF-2120-497F-8244-BB789BDBDBFC}.Ad-Hoc|iPhoneSimulator.ActiveCfg = Release|x86
		{35909DFF-2120-497F-8244-BB789BDBDBFC}.Ad-Hoc|iPhoneSimulator.Build.0 = Release|x86
		{35909DFF-2120-497F-8244-BB789BDBDBFC}.Ad-Hoc|iPhoneSimulator.Deploy.0 = Release|x86
		{35909DFF-2120-497F-8244-BB789BDBDBFC}.Ad-Hoc|x64.ActiveCfg = Release|x64
		{35909DFF-2120-497F-8244-BB789BDBDBFC}.Ad-Hoc|x64.Build.0 = Release|x64
		{35909DFF-2120-497F-8244-BB789BDBDBFC}.Ad-Hoc|x64.Deploy.0 = Release|x64
		{35909DFF-2120-497F-8244-BB789BDBDBFC}.Ad-Hoc|x86.ActiveCfg = Release|x86
		{35909DFF-2120-497F-8244-BB789BDBDBFC}.Ad-Hoc|x86.Build.0 = Release|x86
		{35909DFF-2120-497F-8244-BB789BDBDBFC}.Ad-Hoc|x86.Deploy.0 = Release|x86
		{35909DFF-2120-497F-8244-BB789BDBDBFC}.AppStore|Any CPU.ActiveCfg = Release|x86
		{35909DFF-2120-497F-8244-BB789BDBDBFC}.AppStore|Any CPU.Build.0 = Release|x86
		{35909DFF-2120-497F-8244-BB789BDBDBFC}.AppStore|Any CPU.Deploy.0 = Release|x86
		{35909DFF-2120-497F-8244-BB789BDBDBFC}.AppStore|ARM.ActiveCfg = Release|ARM
		{35909DFF-2120-497F-8244-BB789BDBDBFC}.AppStore|ARM.Build.0 = Release|ARM
		{35909DFF-2120-497F-8244-BB789BDBDBFC}.AppStore|ARM.Deploy.0 = Release|ARM
		{35909DFF-2120-497F-8244-BB789BDBDBFC}.AppStore|iPhone.ActiveCfg = Release|x86
		{35909DFF-2120-497F-8244-BB789BDBDBFC}.AppStore|iPhone.Build.0 = Release|x86
		{35909DFF-2120-497F-8244-BB789BDBDBFC}.AppStore|iPhone.Deploy.0 = Release|x86
		{35909DFF-2120-497F-8244-BB789BDBDBFC}.AppStore|iPhoneSimulator.ActiveCfg = Release|x86
		{35909DFF-2120-497F-8244-BB789BDBDBFC}.AppStore|iPhoneSimulator.Build.0 = Release|x86
		{35909DFF-2120-497F-8244-BB789BDBDBFC}.AppStore|iPhoneSimulator.Deploy.0 = Release|x86
		{35909DFF-2120-497F-8244-BB789BDBDBFC}.AppStore|x64.ActiveCfg = Release|x64
		{35909DFF-2120-497F-8244-BB789BDBDBFC}.AppStore|x64.Build.0 = Release|x64
		{35909DFF-2120-497F-8244-BB789BDBDBFC}.AppStore|x64.Deploy.0 = Release|x64
		{35909DFF-2120-497F-8244-BB789BDBDBFC}.AppStore|x86.ActiveCfg = Release|x86
		{35909DFF-2120-497F-8244-BB789BDBDBFC}.AppStore|x86.Build.0 = Release|x86
		{35909DFF-2120-497F-8244-BB789BDBDBFC}.AppStore|x86.Deploy.0 = Release|x86
		{35909DFF-2120-497F-8244-BB789BDBDBFC}.Debug|Any CPU.ActiveCfg = Debug|x86
		{35909DFF-2120-497F-8244-BB789BDBDBFC}.Debug|ARM.ActiveCfg = Debug|ARM
		{35909DFF-2120-497F-8244-BB789BDBDBFC}.Debug|ARM.Build.0 = Debug|ARM
		{35909DFF-2120-497F-8244-BB789BDBDBFC}.Debug|ARM.Deploy.0 = Debug|ARM
		{35909DFF-2120-497F-8244-BB789BDBDBFC}.Debug|iPhone.ActiveCfg = Debug|x86
		{35909DFF-2120-497F-8244-BB789BDBDBFC}.Debug|iPhoneSimulator.ActiveCfg = Debug|x86
		{35909DFF-2120-497F-8244-BB789BDBDBFC}.Debug|x64.ActiveCfg = Debug|x64
		{35909DFF-2120-497F-8244-BB789BDBDBFC}.Debug|x64.Build.0 = Debug|x64
		{35909DFF-2120-497F-8244-BB789BDBDBFC}.Debug|x64.Deploy.0 = Debug|x64
		{35909DFF-2120-497F-8244-BB789BDBDBFC}.Debug|x86.ActiveCfg = Debug|x86
		{35909DFF-2120-497F-8244-BB789BDBDBFC}.Debug|x86.Build.0 = Debug|x86
		{35909DFF-2120-497F-8244-BB789BDBDBFC}.Debug|x86.Deploy.0 = Debug|x86
		{35909DFF-2120-497F-8244-BB789BDBDBFC}.Release|Any CPU.ActiveCfg = Release|x86
		{35909DFF-2120-497F-8244-BB789BDBDBFC}.Release|ARM.ActiveCfg = Release|ARM
		{35909DFF-2120-497F-8244-BB789BDBDBFC}.Release|ARM.Build.0 = Release|ARM
		{35909DFF-2120-497F-8244-BB789BDBDBFC}.Release|ARM.Deploy.0 = Release|ARM
		{35909DFF-2120-497F-8244-BB789BDBDBFC}.Release|iPhone.ActiveCfg = Release|x86
		{35909DFF-2120-497F-8244-BB789BDBDBFC}.Release|iPhoneSimulator.ActiveCfg = Release|x86
		{35909DFF-2120-497F-8244-BB789BDBDBFC}.Release|x64.ActiveCfg = Release|x64
		{35909DFF-2120-497F-8244-BB789BDBDBFC}.Release|x64.Build.0 = Release|x64
		{35909DFF-2120-497F-8244-BB789BDBDBFC}.Release|x64.Deploy.0 = Release|x64
		{35909DFF-2120-497F-8244-BB789BDBDBFC}.Release|x86.ActiveCfg = Release|x86
		{35909DFF-2120-497F-8244-BB789BDBDBFC}.Release|x86.Build.0 = Release|x86
		{35909DFF-2120-497F-8244-BB789BDBDBFC}.Release|x86.Deploy.0 = Release|x86
		{16F52BA7-AB88-421C-AB6D-4388C6234E13}.Ad-Hoc|Any CPU.ActiveCfg = Ad-Hoc|iPhone
		{16F52BA7-AB88-421C-AB6D-4388C6234E13}.Ad-Hoc|ARM.ActiveCfg = Ad-Hoc|iPhone
		{16F52BA7-AB88-421C-AB6D-4388C6234E13}.Ad-Hoc|iPhone.ActiveCfg = Ad-Hoc|iPhone
		{16F52BA7-AB88-421C-AB6D-4388C6234E13}.Ad-Hoc|iPhone.Build.0 = Ad-Hoc|iPhone
		{16F52BA7-AB88-421C-AB6D-4388C6234E13}.Ad-Hoc|iPhoneSimulator.ActiveCfg = Ad-Hoc|iPhoneSimulator
		{16F52BA7-AB88-421C-AB6D-4388C6234E13}.Ad-Hoc|iPhoneSimulator.Build.0 = Ad-Hoc|iPhoneSimulator
		{16F52BA7-AB88-421C-AB6D-4388C6234E13}.Ad-Hoc|x64.ActiveCfg = Ad-Hoc|iPhone
		{16F52BA7-AB88-421C-AB6D-4388C6234E13}.Ad-Hoc|x86.ActiveCfg = Ad-Hoc|iPhone
		{16F52BA7-AB88-421C-AB6D-4388C6234E13}.AppStore|Any CPU.ActiveCfg = AppStore|iPhone
		{16F52BA7-AB88-421C-AB6D-4388C6234E13}.AppStore|ARM.ActiveCfg = AppStore|iPhone
		{16F52BA7-AB88-421C-AB6D-4388C6234E13}.AppStore|iPhone.ActiveCfg = AppStore|iPhone
		{16F52BA7-AB88-421C-AB6D-4388C6234E13}.AppStore|iPhone.Build.0 = AppStore|iPhone
		{16F52BA7-AB88-421C-AB6D-4388C6234E13}.AppStore|iPhoneSimulator.ActiveCfg = AppStore|iPhoneSimulator
		{16F52BA7-AB88-421C-AB6D-4388C6234E13}.AppStore|iPhoneSimulator.Build.0 = AppStore|iPhoneSimulator
		{16F52BA7-AB88-421C-AB6D-4388C6234E13}.AppStore|x64.ActiveCfg = AppStore|iPhone
		{16F52BA7-AB88-421C-AB6D-4388C6234E13}.AppStore|x86.ActiveCfg = AppStore|iPhone
		{16F52BA7-AB88-421C-AB6D-4388C6234E13}.Debug|Any CPU.ActiveCfg = Debug|iPhone
		{16F52BA7-AB88-421C-AB6D-4388C6234E13}.Debug|ARM.ActiveCfg = Debug|iPhone
		{16F52BA7-AB88-421C-AB6D-4388C6234E13}.Debug|iPhone.ActiveCfg = Debug|iPhone
		{16F52BA7-AB88-421C-AB6D-4388C6234E13}.Debug|iPhone.Build.0 = Debug|iPhone
		{16F52BA7-AB88-421C-AB6D-4388C6234E13}.Debug|iPhoneSimulator.ActiveCfg = Debug|iPhoneSimulator
		{16F52BA7-AB88-421C-AB6D-4388C6234E13}.Debug|iPhoneSimulator.Build.0 = Debug|iPhoneSimulator
		{16F52BA7-AB88-421C-AB6D-4388C6234E13}.Debug|x64.ActiveCfg = Debug|iPhone
		{16F52BA7-AB88-421C-AB6D-4388C6234E13}.Debug|x86.ActiveCfg = Debug|iPhone
		{16F52BA7-AB88-421C-AB6D-4388C6234E13}.Release|Any CPU.ActiveCfg = Release|iPhone
		{16F52BA7-AB88-421C-AB6D-4388C6234E13}.Release|ARM.ActiveCfg = Release|iPhone
		{16F52BA7-AB88-421C-AB6D-4388C6234E13}.Release|iPhone.ActiveCfg = Release|iPhone
		{16F52BA7-AB88-421C-AB6D-4388C6234E13}.Release|iPhone.Build.0 = Release|iPhone
		{16F52BA7-AB88-421C-AB6D-4388C6234E13}.Release|iPhoneSimulator.ActiveCfg = Release|iPhoneSimulator
		{16F52BA7-AB88-421C-AB6D-4388C6234E13}.Release|iPhoneSimulator.Build.0 = Release|iPhoneSimulator
		{16F52BA7-AB88-421C-AB6D-4388C6234E13}.Release|x64.ActiveCfg = Release|iPhone
		{16F52BA7-AB88-421C-AB6D-4388C6234E13}.Release|x86.ActiveCfg = Release|iPhone
	EndGlobalSection
	GlobalSection(SolutionProperties) = preSolution
		HideSolutionNode = FALSE
	EndGlobalSection
	GlobalSection(ExtensibilityGlobals) = postSolution
		SolutionGuid = {8C3D0434-D764-4AB5-B8E5-224DFD38BA83}
	EndGlobalSection
EndGlobal
